<?xml version="1.0" encoding="utf-8"?>
<Project ToolsVersion="4.0" xmlns="http://schemas.microsoft.com/developer/msbuild/2003">
  <ItemGroup>
    <Filter Include="Quelldateien">
      <UniqueIdentifier>{4FC737F1-C7A5-4376-A066-2A32D752A2FF}</UniqueIdentifier>
      <Extensions>cpp;c;cc;cxx;def;odl;idl;hpj;bat;asm;asmx</Extensions>
    </Filter>
    <Filter Include="Headerdateien">
      <UniqueIdentifier>{93995380-89BD-4b04-88EB-625FBE52EBFB}</UniqueIdentifier>
      <Extensions>h;hh;hpp;hxx;hm;inl;inc;ipp;xsd</Extensions>
    </Filter>
    <Filter Include="Ressourcendateien">
      <UniqueIdentifier>{67DA6AB6-F800-4c08-8B7A-83BB121AAD01}</UniqueIdentifier>
      <Extensions>rc;ico;cur;bmp;dlg;rc2;rct;bin;rgs;gif;jpg;jpeg;jpe;resx;tiff;tif;png;wav;mfcribbon-ms</Extensions>
    </Filter>
    <Filter Include="Lib">
      <UniqueIdentifier>{a018efbf-76c0-45c4-93ec-b548484f4635}</UniqueIdentifier>
    </Filter>
    <Filter Include="Include">
      <UniqueIdentifier>{9a44ddbf-1d90-4be6-b756-cd3d7780fe5a}</UniqueIdentifier>
    </Filter>
    <Filter Include="Dokumente">
      <UniqueIdentifier>{09779478-932f-4c46-be23-bb52e5cb1009}</UniqueIdentifier>
    </Filter>
    <Filter Include="DLL">
      <UniqueIdentifier>{e8865961-9da6-4ce0-84b2-cc69d87f5392}</UniqueIdentifier>
    </Filter>
  </ItemGroup>
  <ItemGroup>
    <ClCompile Include="ExploreStateMachine.cpp">
      <Filter>Quelldateien</Filter>
    </ClCompile>
    <ClCompile Include="ForwardStateMachine.cpp">
      <Filter>Quelldateien</Filter>
    </ClCompile>
    <ClCompile Include="main.cpp">
      <Filter>Quelldateien</Filter>
    </ClCompile>
    <ClCompile Include="ObstacleStateMachine.cpp">
      <Filter>Quelldateien</Filter>
    </ClCompile>
    <ClCompile Include="SearchStateMachine.cpp">
      <Filter>Quelldateien</Filter>
    </ClCompile>
    <ClCompile Include="SnailRunner.cpp">
      <Filter>Quelldateien</Filter>
    </ClCompile>
    <ClCompile Include="StartStateMachine.cpp">
      <Filter>Quelldateien</Filter>
    </ClCompile>
    <ClCompile Include="StartLauferMachine.cpp">
      <Filter>Quelldateien</Filter>
    </ClCompile>
    <ClCompile Include="functions.cpp">
      <Filter>Quelldateien</Filter>
    </ClCompile>
    <ClCompile Include="WeiterLauferMachine.cpp">
      <Filter>Quelldateien</Filter>
    </ClCompile>
    <ClCompile Include="SFMLmap.cpp">
      <Filter>Quelldateien</Filter>
    </ClCompile>
    <ClCompile Include="SFMLrunner.cpp">
      <Filter>Quelldateien</Filter>
    </ClCompile>
  </ItemGroup>
  <ItemGroup>
    <ClInclude Include="ExploreStateMachine.h">
      <Filter>Headerdateien</Filter>
    </ClInclude>
    <ClInclude Include="ForwardStateMachine.h">
      <Filter>Headerdateien</Filter>
    </ClInclude>
    <ClInclude Include="ObstacleStateMachine.h">
      <Filter>Headerdateien</Filter>
    </ClInclude>
    <ClInclude Include="SearchStateMachine.h">
      <Filter>Headerdateien</Filter>
    </ClInclude>
    <ClInclude Include="SnailRunner.h">
      <Filter>Headerdateien</Filter>
    </ClInclude>
    <ClInclude Include="..\Include\Actor.h">
      <Filter>Include</Filter>
    </ClInclude>
    <ClInclude Include="..\Include\Application.h">
      <Filter>Include</Filter>
    </ClInclude>
    <ClInclude Include="..\Include\Button.h">
      <Filter>Include</Filter>
    </ClInclude>
    <ClInclude Include="..\Include\Colour.h">
      <Filter>Include</Filter>
    </ClInclude>
    <ClInclude Include="..\Include\Contact.h">
      <Filter>Include</Filter>
    </ClInclude>
    <ClInclude Include="..\Include\Controlled.h">
      <Filter>Include</Filter>
    </ClInclude>
    <ClInclude Include="..\Include\Controller.h">
      <Filter>Include</Filter>
    </ClInclude>
    <ClInclude Include="..\Include\ControlLoop.h">
      <Filter>Include</Filter>
    </ClInclude>
    <ClInclude Include="..\Include\Counter.h">
      <Filter>Include</Filter>
    </ClInclude>
    <ClInclude Include="..\Include\CounterPort.h">
      <Filter>Include</Filter>
    </ClInclude>
    <ClInclude Include="..\Include\CrossRoads.h">
      <Filter>Include</Filter>
    </ClInclude>
    <ClInclude Include="..\Include\CrossWalk.h">
      <Filter>Include</Filter>
    </ClInclude>
    <ClInclude Include="..\Include\Direction.h">
      <Filter>Include</Filter>
    </ClInclude>
    <ClInclude Include="..\Include\Distance.h">
      <Filter>Include</Filter>
    </ClInclude>
    <ClInclude Include="..\Include\educationline.h">
      <Filter>Include</Filter>
    </ClInclude>
    <ClInclude Include="..\Include\EmuController.h">
      <Filter>Include</Filter>
    </ClInclude>
    <ClInclude Include="..\Include\EmulationType.h">
      <Filter>Include</Filter>
    </ClInclude>
    <ClInclude Include="..\Include\EventField.h">
      <Filter>Include</Filter>
    </ClInclude>
    <ClInclude Include="..\Include\FisherMan.h">
      <Filter>Include</Filter>
    </ClInclude>
    <ClInclude Include="..\Include\FishermanBase.h">
      <Filter>Include</Filter>
    </ClInclude>
    <ClInclude Include="..\Include\FStateMachine.h">
      <Filter>Include</Filter>
    </ClInclude>
    <ClInclude Include="..\Include\fversion.h">
      <Filter>Include</Filter>
    </ClInclude>
    <ClInclude Include="..\Include\InputPort.h">
      <Filter>Include</Filter>
    </ClInclude>
    <ClInclude Include="..\Include\IntelligentMotor.h">
      <Filter>Include</Filter>
    </ClInclude>
    <ClInclude Include="..\Include\Lamp.h">
      <Filter>Include</Filter>
    </ClInclude>
    <ClInclude Include="..\Include\Makros.h">
      <Filter>Include</Filter>
    </ClInclude>
    <ClInclude Include="..\Include\Model.h">
      <Filter>Include</Filter>
    </ClInclude>
    <ClInclude Include="..\Include\Motor.h">
      <Filter>Include</Filter>
    </ClInclude>
    <ClInclude Include="..\Include\MotorPort.h">
      <Filter>Include</Filter>
    </ClInclude>
    <ClInclude Include="..\Include\OutputPort.h">
      <Filter>Include</Filter>
    </ClInclude>
    <ClInclude Include="..\Include\PedestrianLight.h">
      <Filter>Include</Filter>
    </ClInclude>
    <ClInclude Include="..\Include\Photo.h">
      <Filter>Include</Filter>
    </ClInclude>
    <ClInclude Include="..\Include\RbController.h">
      <Filter>Include</Filter>
    </ClInclude>
    <ClInclude Include="..\Include\ReactiveModel.h">
      <Filter>Include</Filter>
    </ClInclude>
    <ClInclude Include="..\Include\RunUnit.h">
      <Filter>Include</Filter>
    </ClInclude>
    <ClInclude Include="..\Include\Sensor.h">
      <Filter>Include</Filter>
    </ClInclude>
    <ClInclude Include="..\Include\supervision.h">
      <Filter>Include</Filter>
    </ClInclude>
    <ClInclude Include="..\Include\Temperature.h">
      <Filter>Include</Filter>
    </ClInclude>
    <ClInclude Include="..\Include\Timer.h">
      <Filter>Include</Filter>
    </ClInclude>
    <ClInclude Include="..\Include\Timing.h">
      <Filter>Include</Filter>
    </ClInclude>
    <ClInclude Include="..\Include\TrafficLight.h">
      <Filter>Include</Filter>
    </ClInclude>
    <ClInclude Include="..\Include\Trail.h">
      <Filter>Include</Filter>
    </ClInclude>
    <ClInclude Include="..\Include\TxController.h">
      <Filter>Include</Filter>
    </ClInclude>
    <ClInclude Include="..\Include\TxControllerLogging.h">
      <Filter>Include</Filter>
    </ClInclude>
    <ClInclude Include="..\Include\TxControllerSupervision.h">
      <Filter>Include</Filter>
    </ClInclude>
    <ClInclude Include="..\Include\UniversalInput.h">
      <Filter>Include</Filter>
    </ClInclude>
    <ClInclude Include="..\Include\WaitUntil.h">
      <Filter>Include</Filter>
    </ClInclude>
    <ClInclude Include="..\Include\Win32Timer.h">
      <Filter>Include</Filter>
    </ClInclude>
    <ClInclude Include="StartStateMachine.h">
      <Filter>Headerdateien</Filter>
    </ClInclude>
    <ClInclude Include="StartLauferMachine.h">
      <Filter>Headerdateien</Filter>
    </ClInclude>
    <ClInclude Include="functions.h">
      <Filter>Headerdateien</Filter>
    </ClInclude>
    <ClInclude Include="WeiterLauferMachine.h">
      <Filter>Headerdateien</Filter>
    </ClInclude>
    <ClInclude Include="SFMLmap.h">
      <Filter>Headerdateien</Filter>
    </ClInclude>
    <ClInclude Include="SFMLrunner.h">
      <Filter>Headerdateien</Filter>
    </ClInclude>
  </ItemGroup>
  <ItemGroup>
    <Library Include="..\Lib\Fisherman.lib">
      <Filter>Lib</Filter>
    </Library>
  </ItemGroup>
  <ItemGroup>
    <None Include="..\Debug\Fisherman.dll">
      <Filter>DLL</Filter>
    </None>
    <None Include="..\Debug\FtLib.dll">
      <Filter>DLL</Filter>
    </None>
    <None Include="..\Debug\ftMscLib.dll">
      <Filter>DLL</Filter>
    </None>
  </ItemGroup>
</Project>